// !$*UTF8*$!
{
	archiveVersion = 1;
	classes = {
	};
	objectVersion = 46;
	objects = {

/* Begin PBXBuildFile section */
		414AB6B21DA5547400194BE8 /* ShapeAreaCalculator.swift in Sources */ = {isa = PBXBuildFile; fileRef = 414AB6B11DA5547400194BE8 /* ShapeAreaCalculator.swift */; };
		414AB6B41DA554A500194BE8 /* BadShapeAreaCalculator.swift in Sources */ = {isa = PBXBuildFile; fileRef = 414AB6B31DA554A500194BE8 /* BadShapeAreaCalculator.swift */; };
		414AB6B91DA5575500194BE8 /* ConsoleStringOutputter.swift in Sources */ = {isa = PBXBuildFile; fileRef = 414AB6B81DA5575500194BE8 /* ConsoleStringOutputter.swift */; };
		414AB6BB1DA557D100194BE8 /* StringOutputInterface.swift in Sources */ = {isa = PBXBuildFile; fileRef = 414AB6BA1DA557D100194BE8 /* StringOutputInterface.swift */; };
		415D03B21DA494D400767D24 /* AppDelegate.swift in Sources */ = {isa = PBXBuildFile; fileRef = 415D03B11DA494D400767D24 /* AppDelegate.swift */; };
		415D03BA1DA494D400767D24 /* SOLIDShapes.xcdatamodeld in Sources */ = {isa = PBXBuildFile; fileRef = 415D03B81DA494D400767D24 /* SOLIDShapes.xcdatamodeld */; };
		415D03BC1DA494D400767D24 /* Assets.xcassets in Resources */ = {isa = PBXBuildFile; fileRef = 415D03BB1DA494D400767D24 /* Assets.xcassets */; };
		415D03CA1DA494D500767D24 /* SOLIDShapesTests.swift in Sources */ = {isa = PBXBuildFile; fileRef = 415D03C91DA494D500767D24 /* SOLIDShapesTests.swift */; };
		415D03D51DA494D500767D24 /* SOLIDShapesUITests.swift in Sources */ = {isa = PBXBuildFile; fileRef = 415D03D41DA494D500767D24 /* SOLIDShapesUITests.swift */; };
		415D03E51DA495EF00767D24 /* ShapesListViewController.swift in Sources */ = {isa = PBXBuildFile; fileRef = 415D03E41DA495EE00767D24 /* ShapesListViewController.swift */; };
		415D03E81DA4976D00767D24 /* Rectangle.swift in Sources */ = {isa = PBXBuildFile; fileRef = 415D03E71DA4976D00767D24 /* Rectangle.swift */; };
		415D03EA1DA4978000767D24 /* Circle.swift in Sources */ = {isa = PBXBuildFile; fileRef = 415D03E91DA4978000767D24 /* Circle.swift */; };
		415D03EE1DA4984A00767D24 /* ShapeInterface.swift in Sources */ = {isa = PBXBuildFile; fileRef = 415D03ED1DA4984A00767D24 /* ShapeInterface.swift */; };
		415D03F11DA4A01700767D24 /* MainController.swift in Sources */ = {isa = PBXBuildFile; fileRef = 415D03F01DA4A01700767D24 /* MainController.swift */; };
		415D03F41DA4A1EF00767D24 /* UIFactory.swift in Sources */ = {isa = PBXBuildFile; fileRef = 415D03F31DA4A1EF00767D24 /* UIFactory.swift */; };
		415D03F61DA4A2CB00767D24 /* FactoryFactory.swift in Sources */ = {isa = PBXBuildFile; fileRef = 415D03F51DA4A2CB00767D24 /* FactoryFactory.swift */; };
		415D03F81DA4A33600767D24 /* VCFactory.swift in Sources */ = {isa = PBXBuildFile; fileRef = 415D03F71DA4A33600767D24 /* VCFactory.swift */; };
		415D03FA1DA4A67100767D24 /* CircleFormViewController.swift in Sources */ = {isa = PBXBuildFile; fileRef = 415D03F91DA4A67100767D24 /* CircleFormViewController.swift */; };
		415D03FC1DA4A99B00767D24 /* ShapesController.swift in Sources */ = {isa = PBXBuildFile; fileRef = 415D03FB1DA4A99B00767D24 /* ShapesController.swift */; };
		415D03FE1DA4AC5900767D24 /* ShapesNavigationInterface.swift in Sources */ = {isa = PBXBuildFile; fileRef = 415D03FD1DA4AC5900767D24 /* ShapesNavigationInterface.swift */; };
		415D04021DA4AFB700767D24 /* MainNavigationInterface.swift in Sources */ = {isa = PBXBuildFile; fileRef = 415D04011DA4AFB700767D24 /* MainNavigationInterface.swift */; };
		415D04041DA4B25D00767D24 /* ControllerFactory.swift in Sources */ = {isa = PBXBuildFile; fileRef = 415D04031DA4B25D00767D24 /* ControllerFactory.swift */; };
		415D04071DA4B46800767D24 /* AlertBuilder.swift in Sources */ = {isa = PBXBuildFile; fileRef = 415D04061DA4B46800767D24 /* AlertBuilder.swift */; };
		415D04091DA5451700767D24 /* ShapeSavedListener.swift in Sources */ = {isa = PBXBuildFile; fileRef = 415D04081DA5451700767D24 /* ShapeSavedListener.swift */; };
		415D040B1DA547C300767D24 /* RectangleFormViewController.swift in Sources */ = {isa = PBXBuildFile; fileRef = 415D040A1DA547C300767D24 /* RectangleFormViewController.swift */; };
		6C4B96BEA70E34AED4967DF4 /* Pods_SOLIDShapes.framework in Frameworks */ = {isa = PBXBuildFile; fileRef = DEC26F16601CEDF9BD87B162 /* Pods_SOLIDShapes.framework */; };
		70B2C751748871D5581E4E7F /* Pods_SOLIDShapesUITests.framework in Frameworks */ = {isa = PBXBuildFile; fileRef = DFB7AED1C99F84CB64C99D35 /* Pods_SOLIDShapesUITests.framework */; };
		EC9921080469C64938A2C90F /* Pods_SOLIDShapesTests.framework in Frameworks */ = {isa = PBXBuildFile; fileRef = BF6EC51572A8FFE4B1883A02 /* Pods_SOLIDShapesTests.framework */; };
/* End PBXBuildFile section */

/* Begin PBXContainerItemProxy section */
		415D03C61DA494D400767D24 /* PBXContainerItemProxy */ = {
			isa = PBXContainerItemProxy;
			containerPortal = 415D03A61DA494D400767D24 /* Project object */;
			proxyType = 1;
			remoteGlobalIDString = 415D03AD1DA494D400767D24;
			remoteInfo = SOLIDShapes;
		};
		415D03D11DA494D500767D24 /* PBXContainerItemProxy */ = {
			isa = PBXContainerItemProxy;
			containerPortal = 415D03A61DA494D400767D24 /* Project object */;
			proxyType = 1;
			remoteGlobalIDString = 415D03AD1DA494D400767D24;
			remoteInfo = SOLIDShapes;
		};
/* End PBXContainerItemProxy section */

/* Begin PBXFileReference section */
		2C12BD9343532233F63B1563 /* Pods-SOLIDShapes.debug.xcconfig */ = {isa = PBXFileReference; includeInIndex = 1; lastKnownFileType = text.xcconfig; name = "Pods-SOLIDShapes.debug.xcconfig"; path = "Pods/Target Support Files/Pods-SOLIDShapes/Pods-SOLIDShapes.debug.xcconfig"; sourceTree = "<group>"; };
		3A7E06E7E222AB10326086C2 /* Pods-SOLIDShapesUITests.release.xcconfig */ = {isa = PBXFileReference; includeInIndex = 1; lastKnownFileType = text.xcconfig; name = "Pods-SOLIDShapesUITests.release.xcconfig"; path = "Pods/Target Support Files/Pods-SOLIDShapesUITests/Pods-SOLIDShapesUITests.release.xcconfig"; sourceTree = "<group>"; };
		414AB6B11DA5547400194BE8 /* ShapeAreaCalculator.swift */ = {isa = PBXFileReference; fileEncoding = 4; lastKnownFileType = sourcecode.swift; path = ShapeAreaCalculator.swift; sourceTree = "<group>"; };
		414AB6B31DA554A500194BE8 /* BadShapeAreaCalculator.swift */ = {isa = PBXFileReference; fileEncoding = 4; lastKnownFileType = sourcecode.swift; path = BadShapeAreaCalculator.swift; sourceTree = "<group>"; };
		414AB6B81DA5575500194BE8 /* ConsoleStringOutputter.swift */ = {isa = PBXFileReference; fileEncoding = 4; lastKnownFileType = sourcecode.swift; path = ConsoleStringOutputter.swift; sourceTree = "<group>"; };
		414AB6BA1DA557D100194BE8 /* StringOutputInterface.swift */ = {isa = PBXFileReference; fileEncoding = 4; lastKnownFileType = sourcecode.swift; path = StringOutputInterface.swift; sourceTree = "<group>"; };
		415D03AE1DA494D400767D24 /* SOLIDShapes.app */ = {isa = PBXFileReference; explicitFileType = wrapper.application; includeInIndex = 0; path = SOLIDShapes.app; sourceTree = BUILT_PRODUCTS_DIR; };
		415D03B11DA494D400767D24 /* AppDelegate.swift */ = {isa = PBXFileReference; lastKnownFileType = sourcecode.swift; name = AppDelegate.swift; path = SOLIDShapes/AppDelegate.swift; sourceTree = "<group>"; };
		415D03B91DA494D400767D24 /* SOLIDShapes.xcdatamodel */ = {isa = PBXFileReference; lastKnownFileType = wrapper.xcdatamodel; path = SOLIDShapes.xcdatamodel; sourceTree = "<group>"; };
		415D03BB1DA494D400767D24 /* Assets.xcassets */ = {isa = PBXFileReference; lastKnownFileType = folder.assetcatalog; path = Assets.xcassets; sourceTree = "<group>"; };
		415D03C01DA494D400767D24 /* Info.plist */ = {isa = PBXFileReference; lastKnownFileType = text.plist.xml; path = Info.plist; sourceTree = "<group>"; };
		415D03C51DA494D400767D24 /* SOLIDShapesTests.xctest */ = {isa = PBXFileReference; explicitFileType = wrapper.cfbundle; includeInIndex = 0; path = SOLIDShapesTests.xctest; sourceTree = BUILT_PRODUCTS_DIR; };
		415D03C91DA494D500767D24 /* SOLIDShapesTests.swift */ = {isa = PBXFileReference; lastKnownFileType = sourcecode.swift; path = SOLIDShapesTests.swift; sourceTree = "<group>"; };
		415D03CB1DA494D500767D24 /* Info.plist */ = {isa = PBXFileReference; lastKnownFileType = text.plist.xml; path = Info.plist; sourceTree = "<group>"; };
		415D03D01DA494D500767D24 /* SOLIDShapesUITests.xctest */ = {isa = PBXFileReference; explicitFileType = wrapper.cfbundle; includeInIndex = 0; path = SOLIDShapesUITests.xctest; sourceTree = BUILT_PRODUCTS_DIR; };
		415D03D41DA494D500767D24 /* SOLIDShapesUITests.swift */ = {isa = PBXFileReference; lastKnownFileType = sourcecode.swift; path = SOLIDShapesUITests.swift; sourceTree = "<group>"; };
		415D03D61DA494D500767D24 /* Info.plist */ = {isa = PBXFileReference; lastKnownFileType = text.plist.xml; path = Info.plist; sourceTree = "<group>"; };
		415D03E41DA495EE00767D24 /* ShapesListViewController.swift */ = {isa = PBXFileReference; fileEncoding = 4; lastKnownFileType = sourcecode.swift; path = ShapesListViewController.swift; sourceTree = "<group>"; };
		415D03E71DA4976D00767D24 /* Rectangle.swift */ = {isa = PBXFileReference; fileEncoding = 4; lastKnownFileType = sourcecode.swift; path = Rectangle.swift; sourceTree = "<group>"; };
		415D03E91DA4978000767D24 /* Circle.swift */ = {isa = PBXFileReference; fileEncoding = 4; lastKnownFileType = sourcecode.swift; path = Circle.swift; sourceTree = "<group>"; };
		415D03ED1DA4984A00767D24 /* ShapeInterface.swift */ = {isa = PBXFileReference; fileEncoding = 4; lastKnownFileType = sourcecode.swift; path = ShapeInterface.swift; sourceTree = "<group>"; };
		415D03F01DA4A01700767D24 /* MainController.swift */ = {isa = PBXFileReference; fileEncoding = 4; lastKnownFileType = sourcecode.swift; path = MainController.swift; sourceTree = "<group>"; };
		415D03F31DA4A1EF00767D24 /* UIFactory.swift */ = {isa = PBXFileReference; fileEncoding = 4; lastKnownFileType = sourcecode.swift; path = UIFactory.swift; sourceTree = "<group>"; };
		415D03F51DA4A2CB00767D24 /* FactoryFactory.swift */ = {isa = PBXFileReference; fileEncoding = 4; lastKnownFileType = sourcecode.swift; path = FactoryFactory.swift; sourceTree = "<group>"; };
		415D03F71DA4A33600767D24 /* VCFactory.swift */ = {isa = PBXFileReference; fileEncoding = 4; lastKnownFileType = sourcecode.swift; path = VCFactory.swift; sourceTree = "<group>"; };
		415D03F91DA4A67100767D24 /* CircleFormViewController.swift */ = {isa = PBXFileReference; fileEncoding = 4; lastKnownFileType = sourcecode.swift; path = CircleFormViewController.swift; sourceTree = "<group>"; };
		415D03FB1DA4A99B00767D24 /* ShapesController.swift */ = {isa = PBXFileReference; fileEncoding = 4; lastKnownFileType = sourcecode.swift; path = ShapesController.swift; sourceTree = "<group>"; };
		415D03FD1DA4AC5900767D24 /* ShapesNavigationInterface.swift */ = {isa = PBXFileReference; fileEncoding = 4; lastKnownFileType = sourcecode.swift; path = ShapesNavigationInterface.swift; sourceTree = "<group>"; };
		415D04011DA4AFB700767D24 /* MainNavigationInterface.swift */ = {isa = PBXFileReference; fileEncoding = 4; lastKnownFileType = sourcecode.swift; path = MainNavigationInterface.swift; sourceTree = "<group>"; };
		415D04031DA4B25D00767D24 /* ControllerFactory.swift */ = {isa = PBXFileReference; fileEncoding = 4; lastKnownFileType = sourcecode.swift; path = ControllerFactory.swift; sourceTree = "<group>"; };
		415D04061DA4B46800767D24 /* AlertBuilder.swift */ = {isa = PBXFileReference; fileEncoding = 4; lastKnownFileType = sourcecode.swift; path = AlertBuilder.swift; sourceTree = "<group>"; };
		415D04081DA5451700767D24 /* ShapeSavedListener.swift */ = {isa = PBXFileReference; fileEncoding = 4; lastKnownFileType = sourcecode.swift; path = ShapeSavedListener.swift; sourceTree = "<group>"; };
		415D040A1DA547C300767D24 /* RectangleFormViewController.swift */ = {isa = PBXFileReference; fileEncoding = 4; lastKnownFileType = sourcecode.swift; path = RectangleFormViewController.swift; sourceTree = "<group>"; };
		62F1CED5D3E03A1E230C6BA5 /* Pods-SOLIDShapesTests.release.xcconfig */ = {isa = PBXFileReference; includeInIndex = 1; lastKnownFileType = text.xcconfig; name = "Pods-SOLIDShapesTests.release.xcconfig"; path = "Pods/Target Support Files/Pods-SOLIDShapesTests/Pods-SOLIDShapesTests.release.xcconfig"; sourceTree = "<group>"; };
		A77CE2DE5A7C90FF43963EE1 /* Pods-SOLIDShapes.release.xcconfig */ = {isa = PBXFileReference; includeInIndex = 1; lastKnownFileType = text.xcconfig; name = "Pods-SOLIDShapes.release.xcconfig"; path = "Pods/Target Support Files/Pods-SOLIDShapes/Pods-SOLIDShapes.release.xcconfig"; sourceTree = "<group>"; };
		BF6EC51572A8FFE4B1883A02 /* Pods_SOLIDShapesTests.framework */ = {isa = PBXFileReference; explicitFileType = wrapper.framework; includeInIndex = 0; path = Pods_SOLIDShapesTests.framework; sourceTree = BUILT_PRODUCTS_DIR; };
		C8ED4E3972611BD9AEB6CF96 /* Pods-SOLIDShapesUITests.debug.xcconfig */ = {isa = PBXFileReference; includeInIndex = 1; lastKnownFileType = text.xcconfig; name = "Pods-SOLIDShapesUITests.debug.xcconfig"; path = "Pods/Target Support Files/Pods-SOLIDShapesUITests/Pods-SOLIDShapesUITests.debug.xcconfig"; sourceTree = "<group>"; };
		DA51A9777AFE4A2700332710 /* Pods-SOLIDShapesTests.debug.xcconfig */ = {isa = PBXFileReference; includeInIndex = 1; lastKnownFileType = text.xcconfig; name = "Pods-SOLIDShapesTests.debug.xcconfig"; path = "Pods/Target Support Files/Pods-SOLIDShapesTests/Pods-SOLIDShapesTests.debug.xcconfig"; sourceTree = "<group>"; };
		DEC26F16601CEDF9BD87B162 /* Pods_SOLIDShapes.framework */ = {isa = PBXFileReference; explicitFileType = wrapper.framework; includeInIndex = 0; path = Pods_SOLIDShapes.framework; sourceTree = BUILT_PRODUCTS_DIR; };
		DFB7AED1C99F84CB64C99D35 /* Pods_SOLIDShapesUITests.framework */ = {isa = PBXFileReference; explicitFileType = wrapper.framework; includeInIndex = 0; path = Pods_SOLIDShapesUITests.framework; sourceTree = BUILT_PRODUCTS_DIR; };
/* End PBXFileReference section */

/* Begin PBXFrameworksBuildPhase section */
		415D03AB1DA494D400767D24 /* Frameworks */ = {
			isa = PBXFrameworksBuildPhase;
			buildActionMask = 2147483647;
			files = (
				6C4B96BEA70E34AED4967DF4 /* Pods_SOLIDShapes.framework in Frameworks */,
			);
			runOnlyForDeploymentPostprocessing = 0;
		};
		415D03C21DA494D400767D24 /* Frameworks */ = {
			isa = PBXFrameworksBuildPhase;
			buildActionMask = 2147483647;
			files = (
				EC9921080469C64938A2C90F /* Pods_SOLIDShapesTests.framework in Frameworks */,
			);
			runOnlyForDeploymentPostprocessing = 0;
		};
		415D03CD1DA494D500767D24 /* Frameworks */ = {
			isa = PBXFrameworksBuildPhase;
			buildActionMask = 2147483647;
			files = (
				70B2C751748871D5581E4E7F /* Pods_SOLIDShapesUITests.framework in Frameworks */,
			);
			runOnlyForDeploymentPostprocessing = 0;
		};
/* End PBXFrameworksBuildPhase section */

/* Begin PBXGroup section */
		414AB6B51DA555BA00194BE8 /* Calculators */ = {
			isa = PBXGroup;
			children = (
				414AB6B11DA5547400194BE8 /* ShapeAreaCalculator.swift */,
				414AB6B31DA554A500194BE8 /* BadShapeAreaCalculator.swift */,
			);
			path = Calculators;
			sourceTree = "<group>";
		};
		414AB6B71DA5572300194BE8 /* Outputters */ = {
			isa = PBXGroup;
			children = (
				414AB6B81DA5575500194BE8 /* ConsoleStringOutputter.swift */,
			);
			path = Outputters;
			sourceTree = "<group>";
		};
		415D03A51DA494D400767D24 = {
			isa = PBXGroup;
			children = (
				415D03B01DA494D400767D24 /* SOLIDShapes */,
				415D03B11DA494D400767D24 /* AppDelegate.swift */,
				415D03C81DA494D400767D24 /* SOLIDShapesTests */,
				415D03D31DA494D500767D24 /* SOLIDShapesUITests */,
				415D03AF1DA494D400767D24 /* Products */,
				7DD76AD8C395D215A34068D6 /* Pods */,
				BE2F3E558ACD3B4FE75E5D57 /* Frameworks */,
			);
			sourceTree = "<group>";
		};
		415D03AF1DA494D400767D24 /* Products */ = {
			isa = PBXGroup;
			children = (
				415D03AE1DA494D400767D24 /* SOLIDShapes.app */,
				415D03C51DA494D400767D24 /* SOLIDShapesTests.xctest */,
				415D03D01DA494D500767D24 /* SOLIDShapesUITests.xctest */,
			);
			name = Products;
			sourceTree = "<group>";
		};
		415D03B01DA494D400767D24 /* SOLIDShapes */ = {
			isa = PBXGroup;
			children = (
				415D03F21DA4A1C200767D24 /* Factories */,
				415D03EF1DA49FA000767D24 /* Controllers */,
				415D03EC1DA497FC00767D24 /* Interfaces */,
				415D03E61DA496D500767D24 /* Models */,
				415D03E31DA4958C00767D24 /* VCs */,
				414AB6B51DA555BA00194BE8 /* Calculators */,
				414AB6B71DA5572300194BE8 /* Outputters */,
				415D04051DA4B42A00767D24 /* Utilities */,
				415D03E21DA4957500767D24 /* Supporting Files */,
			);
			path = SOLIDShapes;
			sourceTree = "<group>";
		};
		415D03C81DA494D400767D24 /* SOLIDShapesTests */ = {
			isa = PBXGroup;
			children = (
				415D03C91DA494D500767D24 /* SOLIDShapesTests.swift */,
				415D03CB1DA494D500767D24 /* Info.plist */,
			);
			path = SOLIDShapesTests;
			sourceTree = "<group>";
		};
		415D03D31DA494D500767D24 /* SOLIDShapesUITests */ = {
			isa = PBXGroup;
			children = (
				415D03D41DA494D500767D24 /* SOLIDShapesUITests.swift */,
				415D03D61DA494D500767D24 /* Info.plist */,
			);
			path = SOLIDShapesUITests;
			sourceTree = "<group>";
		};
		415D03E21DA4957500767D24 /* Supporting Files */ = {
			isa = PBXGroup;
			children = (
				415D03BB1DA494D400767D24 /* Assets.xcassets */,
				415D03C01DA494D400767D24 /* Info.plist */,
				415D03B81DA494D400767D24 /* SOLIDShapes.xcdatamodeld */,
			);
			name = "Supporting Files";
			sourceTree = "<group>";
		};
		415D03E31DA4958C00767D24 /* VCs */ = {
			isa = PBXGroup;
			children = (
				415D03E41DA495EE00767D24 /* ShapesListViewController.swift */,
				415D03F91DA4A67100767D24 /* CircleFormViewController.swift */,
				415D040A1DA547C300767D24 /* RectangleFormViewController.swift */,
			);
			path = VCs;
			sourceTree = "<group>";
		};
		415D03E61DA496D500767D24 /* Models */ = {
			isa = PBXGroup;
			children = (
				415D03E71DA4976D00767D24 /* Rectangle.swift */,
				415D03E91DA4978000767D24 /* Circle.swift */,
			);
			path = Models;
			sourceTree = "<group>";
		};
		415D03EC1DA497FC00767D24 /* Interfaces */ = {
			isa = PBXGroup;
			children = (
				415D03ED1DA4984A00767D24 /* ShapeInterface.swift */,
				415D03FD1DA4AC5900767D24 /* ShapesNavigationInterface.swift */,
				415D04011DA4AFB700767D24 /* MainNavigationInterface.swift */,
				415D04081DA5451700767D24 /* ShapeSavedListener.swift */,
				414AB6BA1DA557D100194BE8 /* StringOutputInterface.swift */,
			);
			path = Interfaces;
			sourceTree = "<group>";
		};
		415D03EF1DA49FA000767D24 /* Controllers */ = {
			isa = PBXGroup;
			children = (
				415D03F01DA4A01700767D24 /* MainController.swift */,
				415D03FB1DA4A99B00767D24 /* ShapesController.swift */,
			);
			path = Controllers;
			sourceTree = "<group>";
		};
		415D03F21DA4A1C200767D24 /* Factories */ = {
			isa = PBXGroup;
			children = (
				415D03F31DA4A1EF00767D24 /* UIFactory.swift */,
				415D03F51DA4A2CB00767D24 /* FactoryFactory.swift */,
				415D03F71DA4A33600767D24 /* VCFactory.swift */,
				415D04031DA4B25D00767D24 /* ControllerFactory.swift */,
			);
			path = Factories;
			sourceTree = "<group>";
		};
		415D04051DA4B42A00767D24 /* Utilities */ = {
			isa = PBXGroup;
			children = (
				415D04061DA4B46800767D24 /* AlertBuilder.swift */,
			);
			path = Utilities;
			sourceTree = "<group>";
		};
		7DD76AD8C395D215A34068D6 /* Pods */ = {
			isa = PBXGroup;
			children = (
				2C12BD9343532233F63B1563 /* Pods-SOLIDShapes.debug.xcconfig */,
				A77CE2DE5A7C90FF43963EE1 /* Pods-SOLIDShapes.release.xcconfig */,
				DA51A9777AFE4A2700332710 /* Pods-SOLIDShapesTests.debug.xcconfig */,
				62F1CED5D3E03A1E230C6BA5 /* Pods-SOLIDShapesTests.release.xcconfig */,
				C8ED4E3972611BD9AEB6CF96 /* Pods-SOLIDShapesUITests.debug.xcconfig */,
				3A7E06E7E222AB10326086C2 /* Pods-SOLIDShapesUITests.release.xcconfig */,
			);
			name = Pods;
			sourceTree = "<group>";
		};
		BE2F3E558ACD3B4FE75E5D57 /* Frameworks */ = {
			isa = PBXGroup;
			children = (
				DEC26F16601CEDF9BD87B162 /* Pods_SOLIDShapes.framework */,
				BF6EC51572A8FFE4B1883A02 /* Pods_SOLIDShapesTests.framework */,
				DFB7AED1C99F84CB64C99D35 /* Pods_SOLIDShapesUITests.framework */,
			);
			name = Frameworks;
			sourceTree = "<group>";
		};
/* End PBXGroup section */

/* Begin PBXNativeTarget section */
		415D03AD1DA494D400767D24 /* SOLIDShapes */ = {
			isa = PBXNativeTarget;
			buildConfigurationList = 415D03D91DA494D500767D24 /* Build configuration list for PBXNativeTarget "SOLIDShapes" */;
			buildPhases = (
				AD43C95B486518A1558F7D46 /* [CP] Check Pods Manifest.lock */,
				415D03AA1DA494D400767D24 /* Sources */,
				415D03AB1DA494D400767D24 /* Frameworks */,
				415D03AC1DA494D400767D24 /* Resources */,
				1D330B4A6C30D47B15910E6C /* [CP] Embed Pods Frameworks */,
				BB97730B663A347F70842306 /* [CP] Copy Pods Resources */,
			);
			buildRules = (
			);
			dependencies = (
			);
			name = SOLIDShapes;
			productName = SOLIDShapes;
			productReference = 415D03AE1DA494D400767D24 /* SOLIDShapes.app */;
			productType = "com.apple.product-type.application";
		};
		415D03C41DA494D400767D24 /* SOLIDShapesTests */ = {
			isa = PBXNativeTarget;
			buildConfigurationList = 415D03DC1DA494D500767D24 /* Build configuration list for PBXNativeTarget "SOLIDShapesTests" */;
			buildPhases = (
				CD72A2192AEA54045ED8ECA0 /* [CP] Check Pods Manifest.lock */,
				415D03C11DA494D400767D24 /* Sources */,
				415D03C21DA494D400767D24 /* Frameworks */,
				415D03C31DA494D400767D24 /* Resources */,
				6437016A7F62F4CAFED5D3B5 /* [CP] Embed Pods Frameworks */,
				CAFEFB91D3A48A4D66982487 /* [CP] Copy Pods Resources */,
			);
			buildRules = (
			);
			dependencies = (
				415D03C71DA494D400767D24 /* PBXTargetDependency */,
			);
			name = SOLIDShapesTests;
			productName = SOLIDShapesTests;
			productReference = 415D03C51DA494D400767D24 /* SOLIDShapesTests.xctest */;
			productType = "com.apple.product-type.bundle.unit-test";
		};
		415D03CF1DA494D500767D24 /* SOLIDShapesUITests */ = {
			isa = PBXNativeTarget;
			buildConfigurationList = 415D03DF1DA494D500767D24 /* Build configuration list for PBXNativeTarget "SOLIDShapesUITests" */;
			buildPhases = (
				F2281100E0E3234DE1B4B8DB /* [CP] Check Pods Manifest.lock */,
				415D03CC1DA494D500767D24 /* Sources */,
				415D03CD1DA494D500767D24 /* Frameworks */,
				415D03CE1DA494D500767D24 /* Resources */,
				2B15D752DFEBB986F9E1A0C2 /* [CP] Embed Pods Frameworks */,
				C154007DCBC1F2C14F427800 /* [CP] Copy Pods Resources */,
			);
			buildRules = (
			);
			dependencies = (
				415D03D21DA494D500767D24 /* PBXTargetDependency */,
			);
			name = SOLIDShapesUITests;
			productName = SOLIDShapesUITests;
			productReference = 415D03D01DA494D500767D24 /* SOLIDShapesUITests.xctest */;
			productType = "com.apple.product-type.bundle.ui-testing";
		};
/* End PBXNativeTarget section */

/* Begin PBXProject section */
		415D03A61DA494D400767D24 /* Project object */ = {
			isa = PBXProject;
			attributes = {
				LastSwiftUpdateCheck = 0730;
				LastUpgradeCheck = 0730;
				ORGANIZATIONNAME = "Neon Rain Interactive";
				TargetAttributes = {
					415D03AD1DA494D400767D24 = {
						CreatedOnToolsVersion = 7.3.1;
						DevelopmentTeam = 82952B42LL;
					};
					415D03C41DA494D400767D24 = {
						CreatedOnToolsVersion = 7.3.1;
						TestTargetID = 415D03AD1DA494D400767D24;
					};
					415D03CF1DA494D500767D24 = {
						CreatedOnToolsVersion = 7.3.1;
						TestTargetID = 415D03AD1DA494D400767D24;
					};
				};
			};
			buildConfigurationList = 415D03A91DA494D400767D24 /* Build configuration list for PBXProject "SOLIDShapes" */;
			compatibilityVersion = "Xcode 3.2";
			developmentRegion = English;
			hasScannedForEncodings = 0;
			knownRegions = (
				en,
				Base,
			);
			mainGroup = 415D03A51DA494D400767D24;
			productRefGroup = 415D03AF1DA494D400767D24 /* Products */;
			projectDirPath = "";
			projectRoot = "";
			targets = (
				415D03AD1DA494D400767D24 /* SOLIDShapes */,
				415D03C41DA494D400767D24 /* SOLIDShapesTests */,
				415D03CF1DA494D500767D24 /* SOLIDShapesUITests */,
			);
		};
/* End PBXProject section */

/* Begin PBXResourcesBuildPhase section */
		415D03AC1DA494D400767D24 /* Resources */ = {
			isa = PBXResourcesBuildPhase;
			buildActionMask = 2147483647;
			files = (
				415D03BC1DA494D400767D24 /* Assets.xcassets in Resources */,
			);
			runOnlyForDeploymentPostprocessing = 0;
		};
		415D03C31DA494D400767D24 /* Resources */ = {
			isa = PBXResourcesBuildPhase;
			buildActionMask = 2147483647;
			files = (
			);
			runOnlyForDeploymentPostprocessing = 0;
		};
		415D03CE1DA494D500767D24 /* Resources */ = {
			isa = PBXResourcesBuildPhase;
			buildActionMask = 2147483647;
			files = (
			);
			runOnlyForDeploymentPostprocessing = 0;
		};
/* End PBXResourcesBuildPhase section */

/* Begin PBXShellScriptBuildPhase section */
		1D330B4A6C30D47B15910E6C /* [CP] Embed Pods Frameworks */ = {
			isa = PBXShellScriptBuildPhase;
			buildActionMask = 2147483647;
			files = (
			);
			inputPaths = (
			);
			name = "[CP] Embed Pods Frameworks";
			outputPaths = (
			);
			runOnlyForDeploymentPostprocessing = 0;
			shellPath = /bin/sh;
			shellScript = "\"${SRCROOT}/Pods/Target Support Files/Pods-SOLIDShapes/Pods-SOLIDShapes-frameworks.sh\"\n";
			showEnvVarsInLog = 0;
		};
		2B15D752DFEBB986F9E1A0C2 /* [CP] Embed Pods Frameworks */ = {
			isa = PBXShellScriptBuildPhase;
			buildActionMask = 2147483647;
			files = (
			);
			inputPaths = (
			);
			name = "[CP] Embed Pods Frameworks";
			outputPaths = (
			);
			runOnlyForDeploymentPostprocessing = 0;
			shellPath = /bin/sh;
			shellScript = "\"${SRCROOT}/Pods/Target Support Files/Pods-SOLIDShapesUITests/Pods-SOLIDShapesUITests-frameworks.sh\"\n";
			showEnvVarsInLog = 0;
		};
		6437016A7F62F4CAFED5D3B5 /* [CP] Embed Pods Frameworks */ = {
			isa = PBXShellScriptBuildPhase;
			buildActionMask = 2147483647;
			files = (
			);
			inputPaths = (
			);
			name = "[CP] Embed Pods Frameworks";
			outputPaths = (
			);
			runOnlyForDeploymentPostprocessing = 0;
			shellPath = /bin/sh;
			shellScript = "\"${SRCROOT}/Pods/Target Support Files/Pods-SOLIDShapesTests/Pods-SOLIDShapesTests-frameworks.sh\"\n";
			showEnvVarsInLog = 0;
		};
		AD43C95B486518A1558F7D46 /* [CP] Check Pods Manifest.lock */ = {
			isa = PBXShellScriptBuildPhase;
			buildActionMask = 2147483647;
			files = (
			);
			inputPaths = (
			);
			name = "[CP] Check Pods Manifest.lock";
			outputPaths = (
			);
			runOnlyForDeploymentPostprocessing = 0;
			shellPath = /bin/sh;
			shellScript = "diff \"${PODS_ROOT}/../Podfile.lock\" \"${PODS_ROOT}/Manifest.lock\" > /dev/null\nif [ $? != 0 ] ; then\n    # print error to STDERR\n    echo \"error: The sandbox is not in sync with the Podfile.lock. Run 'pod install' or update your CocoaPods installation.\" >&2\n    exit 1\nfi\n";
			showEnvVarsInLog = 0;
		};
		BB97730B663A347F70842306 /* [CP] Copy Pods Resources */ = {
			isa = PBXShellScriptBuildPhase;
			buildActionMask = 2147483647;
			files = (
			);
			inputPaths = (
			);
			name = "[CP] Copy Pods Resources";
			outputPaths = (
			);
			runOnlyForDeploymentPostprocessing = 0;
			shellPath = /bin/sh;
			shellScript = "\"${SRCROOT}/Pods/Target Support Files/Pods-SOLIDShapes/Pods-SOLIDShapes-resources.sh\"\n";
			showEnvVarsInLog = 0;
		};
		C154007DCBC1F2C14F427800 /* [CP] Copy Pods Resources */ = {
			isa = PBXShellScriptBuildPhase;
			buildActionMask = 2147483647;
			files = (
			);
			inputPaths = (
			);
			name = "[CP] Copy Pods Resources";
			outputPaths = (
			);
			runOnlyForDeploymentPostprocessing = 0;
			shellPath = /bin/sh;
			shellScript = "\"${SRCROOT}/Pods/Target Support Files/Pods-SOLIDShapesUITests/Pods-SOLIDShapesUITests-resources.sh\"\n";
			showEnvVarsInLog = 0;
		};
		CAFEFB91D3A48A4D66982487 /* [CP] Copy Pods Resources */ = {
			isa = PBXShellScriptBuildPhase;
			buildActionMask = 2147483647;
			files = (
			);
			inputPaths = (
			);
			name = "[CP] Copy Pods Resources";
			outputPaths = (
			);
			runOnlyForDeploymentPostprocessing = 0;
			shellPath = /bin/sh;
			shellScript = "\"${SRCROOT}/Pods/Target Support Files/Pods-SOLIDShapesTests/Pods-SOLIDShapesTests-resources.sh\"\n";
			showEnvVarsInLog = 0;
		};
		CD72A2192AEA54045ED8ECA0 /* [CP] Check Pods Manifest.lock */ = {
			isa = PBXShellScriptBuildPhase;
			buildActionMask = 2147483647;
			files = (
			);
			inputPaths = (
			);
			name = "[CP] Check Pods Manifest.lock";
			outputPaths = (
			);
			runOnlyForDeploymentPostprocessing = 0;
			shellPath = /bin/sh;
			shellScript = "diff \"${PODS_ROOT}/../Podfile.lock\" \"${PODS_ROOT}/Manifest.lock\" > /dev/null\nif [ $? != 0 ] ; then\n    # print error to STDERR\n    echo \"error: The sandbox is not in sync with the Podfile.lock. Run 'pod install' or update your CocoaPods installation.\" >&2\n    exit 1\nfi\n";
			showEnvVarsInLog = 0;
		};
		F2281100E0E3234DE1B4B8DB /* [CP] Check Pods Manifest.lock */ = {
			isa = PBXShellScriptBuildPhase;
			buildActionMask = 2147483647;
			files = (
			);
			inputPaths = (
			);
			name = "[CP] Check Pods Manifest.lock";
			outputPaths = (
			);
			runOnlyForDeploymentPostprocessing = 0;
			shellPath = /bin/sh;
			shellScript = "diff \"${PODS_ROOT}/../Podfile.lock\" \"${PODS_ROOT}/Manifest.lock\" > /dev/null\nif [ $? != 0 ] ; then\n    # print error to STDERR\n    echo \"error: The sandbox is not in sync with the Podfile.lock. Run 'pod install' or update your CocoaPods installation.\" >&2\n    exit 1\nfi\n";
			showEnvVarsInLog = 0;
		};
/* End PBXShellScriptBuildPhase section */

/* Begin PBXSourcesBuildPhase section */
		415D03AA1DA494D400767D24 /* Sources */ = {
			isa = PBXSourcesBuildPhase;
			buildActionMask = 2147483647;
			files = (
				415D03E81DA4976D00767D24 /* Rectangle.swift in Sources */,
				414AB6B91DA5575500194BE8 /* ConsoleStringOutputter.swift in Sources */,
				415D03E51DA495EF00767D24 /* ShapesListViewController.swift in Sources */,
				415D03BA1DA494D400767D24 /* SOLIDShapes.xcdatamodeld in Sources */,
				415D03F11DA4A01700767D24 /* MainController.swift in Sources */,
				415D03F41DA4A1EF00767D24 /* UIFactory.swift in Sources */,
				414AB6B21DA5547400194BE8 /* ShapeAreaCalculator.swift in Sources */,
				415D03EE1DA4984A00767D24 /* ShapeInterface.swift in Sources */,
				415D03FE1DA4AC5900767D24 /* ShapesNavigationInterface.swift in Sources */,
				415D03FA1DA4A67100767D24 /* CircleFormViewController.swift in Sources */,
				415D03F81DA4A33600767D24 /* VCFactory.swift in Sources */,
				415D03B21DA494D400767D24 /* AppDelegate.swift in Sources */,
				415D040B1DA547C300767D24 /* RectangleFormViewController.swift in Sources */,
				415D03FC1DA4A99B00767D24 /* ShapesController.swift in Sources */,
				415D03EA1DA4978000767D24 /* Circle.swift in Sources */,
				414AB6BB1DA557D100194BE8 /* StringOutputInterface.swift in Sources */,
				414AB6B41DA554A500194BE8 /* BadShapeAreaCalculator.swift in Sources */,
				415D04071DA4B46800767D24 /* AlertBuilder.swift in Sources */,
				415D04041DA4B25D00767D24 /* ControllerFactory.swift in Sources */,
				415D04021DA4AFB700767D24 /* MainNavigationInterface.swift in Sources */,
				415D04091DA5451700767D24 /* ShapeSavedListener.swift in Sources */,
				415D03F61DA4A2CB00767D24 /* FactoryFactory.swift in Sources */,
			);
			runOnlyForDeploymentPostprocessing = 0;
		};
		415D03C11DA494D400767D24 /* Sources */ = {
			isa = PBXSourcesBuildPhase;
			buildActionMask = 2147483647;
			files = (
				415D03CA1DA494D500767D24 /* SOLIDShapesTests.swift in Sources */,
			);
			runOnlyForDeploymentPostprocessing = 0;
		};
		415D03CC1DA494D500767D24 /* Sources */ = {
			isa = PBXSourcesBuildPhase;
			buildActionMask = 2147483647;
			files = (
				415D03D51DA494D500767D24 /* SOLIDShapesUITests.swift in Sources */,
			);
			runOnlyForDeploymentPostprocessing = 0;
		};
/* End PBXSourcesBuildPhase section */

/* Begin PBXTargetDependency section */
		415D03C71DA494D400767D24 /* PBXTargetDependency */ = {
			isa = PBXTargetDependency;
			target = 415D03AD1DA494D400767D24 /* SOLIDShapes */;
			targetProxy = 415D03C61DA494D400767D24 /* PBXContainerItemProxy */;
		};
		415D03D21DA494D500767D24 /* PBXTargetDependency */ = {
			isa = PBXTargetDependency;
			target = 415D03AD1DA494D400767D24 /* SOLIDShapes */;
			targetProxy = 415D03D11DA494D500767D24 /* PBXContainerItemProxy */;
		};
/* End PBXTargetDependency section */

/* Begin XCBuildConfiguration section */
		415D03D71DA494D500767D24 /* Debug */ = {
			isa = XCBuildConfiguration;
			buildSettings = {
				ALWAYS_SEARCH_USER_PATHS = NO;
				CLANG_ANALYZER_NONNULL = YES;
				CLANG_CXX_LANGUAGE_STANDARD = "gnu++0x";
				CLANG_CXX_LIBRARY = "libc++";
				CLANG_ENABLE_MODULES = YES;
				CLANG_ENABLE_OBJC_ARC = YES;
				CLANG_WARN_BOOL_CONVERSION = YES;
				CLANG_WARN_CONSTANT_CONVERSION = YES;
				CLANG_WARN_DIRECT_OBJC_ISA_USAGE = YES_ERROR;
				CLANG_WARN_EMPTY_BODY = YES;
				CLANG_WARN_ENUM_CONVERSION = YES;
				CLANG_WARN_INT_CONVERSION = YES;
				CLANG_WARN_OBJC_ROOT_CLASS = YES_ERROR;
				CLANG_WARN_UNREACHABLE_CODE = YES;
				CLANG_WARN__DUPLICATE_METHOD_MATCH = YES;
				"CODE_SIGN_IDENTITY[sdk=iphoneos*]" = "iPhone Developer";
				COPY_PHASE_STRIP = NO;
				DEBUG_INFORMATION_FORMAT = dwarf;
				ENABLE_STRICT_OBJC_MSGSEND = YES;
				ENABLE_TESTABILITY = YES;
				GCC_C_LANGUAGE_STANDARD = gnu99;
				GCC_DYNAMIC_NO_PIC = NO;
				GCC_NO_COMMON_BLOCKS = YES;
				GCC_OPTIMIZATION_LEVEL = 0;
				GCC_PREPROCESSOR_DEFINITIONS = (
					"DEBUG=1",
					"$(inherited)",
				);
				GCC_WARN_64_TO_32_BIT_CONVERSION = YES;
				GCC_WARN_ABOUT_RETURN_TYPE = YES_ERROR;
				GCC_WARN_UNDECLARED_SELECTOR = YES;
				GCC_WARN_UNINITIALIZED_AUTOS = YES_AGGRESSIVE;
				GCC_WARN_UNUSED_FUNCTION = YES;
				GCC_WARN_UNUSED_VARIABLE = YES;
				IPHONEOS_DEPLOYMENT_TARGET = 9.3;
				MTL_ENABLE_DEBUG_INFO = YES;
				ONLY_ACTIVE_ARCH = YES;
				SDKROOT = iphoneos;
				SWIFT_OPTIMIZATION_LEVEL = "-Onone";
				TARGETED_DEVICE_FAMILY = "1,2";
			};
			name = Debug;
		};
		415D03D81DA494D500767D24 /* Release */ = {
			isa = XCBuildConfiguration;
			buildSettings = {
				ALWAYS_SEARCH_USER_PATHS = NO;
				CLANG_ANALYZER_NONNULL = YES;
				CLANG_CXX_LANGUAGE_STANDARD = "gnu++0x";
				CLANG_CXX_LIBRARY = "libc++";
				CLANG_ENABLE_MODULES = YES;
				CLANG_ENABLE_OBJC_ARC = YES;
				CLANG_WARN_BOOL_CONVERSION = YES;
				CLANG_WARN_CONSTANT_CONVERSION = YES;
				CLANG_WARN_DIRECT_OBJC_ISA_USAGE = YES_ERROR;
				CLANG_WARN_EMPTY_BODY = YES;
				CLANG_WARN_ENUM_CONVERSION = YES;
				CLANG_WARN_INT_CONVERSION = YES;
				CLANG_WARN_OBJC_ROOT_CLASS = YES_ERROR;
				CLANG_WARN_UNREACHABLE_CODE = YES;
				CLANG_WARN__DUPLICATE_METHOD_MATCH = YES;
				"CODE_SIGN_IDENTITY[sdk=iphoneos*]" = "iPhone Developer";
				COPY_PHASE_STRIP = NO;
				DEBUG_INFORMATION_FORMAT = "dwarf-with-dsym";
				ENABLE_NS_ASSERTIONS = NO;
				ENABLE_STRICT_OBJC_MSGSEND = YES;
				GCC_C_LANGUAGE_STANDARD = gnu99;
				GCC_NO_COMMON_BLOCKS = YES;
				GCC_WARN_64_TO_32_BIT_CONVERSION = YES;
				GCC_WARN_ABOUT_RETURN_TYPE = YES_ERROR;
				GCC_WARN_UNDECLARED_SELECTOR = YES;
				GCC_WARN_UNINITIALIZED_AUTOS = YES_AGGRESSIVE;
				GCC_WARN_UNUSED_FUNCTION = YES;
				GCC_WARN_UNUSED_VARIABLE = YES;
				IPHONEOS_DEPLOYMENT_TARGET = 9.3;
				MTL_ENABLE_DEBUG_INFO = NO;
				SDKROOT = iphoneos;
				TARGETED_DEVICE_FAMILY = "1,2";
				VALIDATE_PRODUCT = YES;
			};
			name = Release;
		};
		415D03DA1DA494D500767D24 /* Debug */ = {
			isa = XCBuildConfiguration;
			baseConfigurationReference = 2C12BD9343532233F63B1563 /* Pods-SOLIDShapes.debug.xcconfig */;
			buildSettings = {
				ASSETCATALOG_COMPILER_APPICON_NAME = AppIcon;
				ASSETCATALOG_COMPILER_LAUNCHIMAGE_NAME = LaunchImage;
				CODE_SIGN_IDENTITY = "iPhone Developer";
				INFOPLIST_FILE = SOLIDShapes/Info.plist;
				LD_RUNPATH_SEARCH_PATHS = "$(inherited) @executable_path/Frameworks";
				PRODUCT_BUNDLE_IDENTIFIER = com.neonrain.SOLIDShapes;
				PRODUCT_NAME = "$(TARGET_NAME)";
			};
			name = Debug;
		};
		415D03DB1DA494D500767D24 /* Release */ = {
			isa = XCBuildConfiguration;
			baseConfigurationReference = A77CE2DE5A7C90FF43963EE1 /* Pods-SOLIDShapes.release.xcconfig */;
			buildSettings = {
				ASSETCATALOG_COMPILER_APPICON_NAME = AppIcon;
				ASSETCATALOG_COMPILER_LAUNCHIMAGE_NAME = LaunchImage;
				CODE_SIGN_IDENTITY = "iPhone Developer";
				INFOPLIST_FILE = SOLIDShapes/Info.plist;
				LD_RUNPATH_SEARCH_PATHS = "$(inherited) @executable_path/Frameworks";
				PRODUCT_BUNDLE_IDENTIFIER = com.neonrain.SOLIDShapes;
				PRODUCT_NAME = "$(TARGET_NAME)";
			};
			name = Release;
		};
		415D03DD1DA494D500767D24 /* Debug */ = {
			isa = XCBuildConfiguration;
			baseConfigurationReference = DA51A9777AFE4A2700332710 /* Pods-SOLIDShapesTests.debug.xcconfig */;
			buildSettings = {
				BUNDLE_LOADER = "$(TEST_HOST)";
				INFOPLIST_FILE = SOLIDShapesTests/Info.plist;
				LD_RUNPATH_SEARCH_PATHS = "$(inherited) @executable_path/Frameworks @loader_path/Frameworks";
				PRODUCT_BUNDLE_IDENTIFIER = com.neonrain.SOLIDShapesTests;
				PRODUCT_NAME = "$(TARGET_NAME)";
				TEST_HOST = "$(BUILT_PRODUCTS_DIR)/SOLIDShapes.app/SOLIDShapes";
			};
			name = Debug;
		};
		415D03DE1DA494D500767D24 /* Release */ = {
			isa = XCBuildConfiguration;
			baseConfigurationReference = 62F1CED5D3E03A1E230C6BA5 /* Pods-SOLIDShapesTests.release.xcconfig */;
			buildSettings = {
				BUNDLE_LOADER = "$(TEST_HOST)";
				INFOPLIST_FILE = SOLIDShapesTests/Info.plist;
				LD_RUNPATH_SEARCH_PATHS = "$(inherited) @executable_path/Frameworks @loader_path/Frameworks";
				PRODUCT_BUNDLE_IDENTIFIER = com.neonrain.SOLIDShapesTests;
				PRODUCT_NAME = "$(TARGET_NAME)";
				TEST_HOST = "$(BUILT_PRODUCTS_DIR)/SOLIDShapes.app/SOLIDShapes";
			};
			name = Release;
		};
		415D03E01DA494D500767D24 /* Debug */ = {
			isa = XCBuildConfiguration;
			baseConfigurationReference = C8ED4E3972611BD9AEB6CF96 /* Pods-SOLIDShapesUITests.debug.xcconfig */;
			buildSettings = {
				INFOPLIST_FILE = SOLIDShapesUITests/Info.plist;
				LD_RUNPATH_SEARCH_PATHS = "$(inherited) @executable_path/Frameworks @loader_path/Frameworks";
				PRODUCT_BUNDLE_IDENTIFIER = com.neonrain.SOLIDShapesUITests;
				PRODUCT_NAME = "$(TARGET_NAME)";
				TEST_TARGET_NAME = SOLIDShapes;
			};
			name = Debug;
		};
		415D03E11DA494D500767D24 /* Release */ = {
			isa = XCBuildConfiguration;
			baseConfigurationReference = 3A7E06E7E222AB10326086C2 /* Pods-SOLIDShapesUITests.release.xcconfig */;
			buildSettings = {
				INFOPLIST_FILE = SOLIDShapesUITests/Info.plist;
				LD_RUNPATH_SEARCH_PATHS = "$(inherited) @executable_path/Frameworks @loader_path/Frameworks";
				PRODUCT_BUNDLE_IDENTIFIER = com.neonrain.SOLIDShapesUITests;
				PRODUCT_NAME = "$(TARGET_NAME)";
				TEST_TARGET_NAME = SOLIDShapes;
			};
			name = Release;
		};
/* End XCBuildConfiguration section */

/* Begin XCConfigurationList section */
		415D03A91DA494D400767D24 /* Build configuration list for PBXProject "SOLIDShapes" */ = {
			isa = XCConfigurationList;
			buildConfigurations = (
				415D03D71DA494D500767D24 /* Debug */,
				415D03D81DA494D500767D24 /* Release */,
			);
			defaultConfigurationIsVisible = 0;
			defaultConfigurationName = Release;
		};
		415D03D91DA494D500767D24 /* Build configuration list for PBXNativeTarget "SOLIDShapes" */ = {
			isa = XCConfigurationList;
			buildConfigurations = (
				415D03DA1DA494D500767D24 /* Debug */,
				415D03DB1DA494D500767D24 /* Release */,
			);
			defaultConfigurationIsVisible = 0;
			defaultConfigurationName = Release;
		};
		415D03DC1DA494D500767D24 /* Build configuration list for PBXNativeTarget "SOLIDShapesTests" */ = {
			isa = XCConfigurationList;
			buildConfigurations = (
				415D03DD1DA494D500767D24 /* Debug */,
				415D03DE1DA494D500767D24 /* Release */,
			);
			defaultConfigurationIsVisible = 0;
			defaultConfigurationName = Release;
		};
		415D03DF1DA494D500767D24 /* Build configuration list for PBXNativeTarget "SOLIDShapesUITests" */ = {
			isa = XCConfigurationList;
			buildConfigurations = (
				415D03E01DA494D500767D24 /* Debug */,
				415D03E11DA494D500767D24 /* Release */,
			);
			defaultConfigurationIsVisible = 0;
			defaultConfigurationName = Release;
		};
/* End XCConfigurationList section */

/* Begin XCVersionGroup section */
		415D03B81DA494D400767D24 /* SOLIDShapes.xcdatamodeld */ = {
			isa = XCVersionGroup;
			children = (
				415D03B91DA494D400767D24 /* SOLIDShapes.xcdatamodel */,
			);
			currentVersion = 415D03B91DA494D400767D24 /* SOLIDShapes.xcdatamodel */;
			path = SOLIDShapes.xcdatamodeld;
			sourceTree = "<group>";
			versionGroupType = wrapper.xcdatamodel;
		};
/* End XCVersionGroup section */
	};
	rootObject = 415D03A61DA494D400767D24 /* Project object */;
}
